{
  "nodes": {
    "gamemaker-flake": {
      "inputs": {
        "nixpkgs": [
          "nixpkgs"
        ]
      },
      "locked": {
        "lastModified": 1787008524,
        "narHash": "sha256-bhmbgbae2JUK1r5r/RGgtIezfoFRaU43KifXsdAiDDU=",
        "owner": "skirlez",
        "repo": "gamemaker-flake",
        "rev": "442b76ba0a931669a2b9f093204c4d10160439d8",
        "type": "github"
      },
      "original": {
        "owner": "skirlez",
        "repo": "gamemaker-flake",
        "type": "github"
      }
    },
    "nixpkgs": {
      "locked": {
        "lastModified": 1786862985,
        "narHash": "sha256-FBJRXmbGXiSUDvYEbfLYRkckayyZ6SK1UEqhCrIZ2Cs=",
        "owner": "NixOS",
        "repo": "nixpkgs",
        "rev": "e5bdc4a41d4c072fe1e3787eaa0320a384741d44",
        "type": "github"
      },
      "original": {
        "owner": "NixOS",
        "ref": "nixos-unstable",
        "repo": "nixpkgs",
        "type": "github"
      }
    },
    "root": {
      "inputs": {
        "gamemaker-flake": "gamemaker-flake",
        "nixpkgs": "nixpkgs",
        "vs": "vs"
      }
    },
    "vs": {
      "flake": false,
      "locked": {
        "path": "dummy",
        "type": "path"
      },
      "original": {
        "path": "dummy",
        "type": "path"
      },
      "parent": []
    }
  },
  "root": "root",
  "version": 7
}
